// !$*UTF8*$!
{
	archiveVersion = 1;
	classes = {
	};
	objectVersion = 56;
	objects = {

/* Begin PBXBuildFile section */
		7E06B88F2AB8F1310091D146 /* BocketListApp.swift in Sources */ = {isa = PBXBuildFile; fileRef = 7E06B88E2AB8F1310091D146 /* BocketListApp.swift */; };
		7E06B8932AB8F1330091D146 /* Assets.xcassets in Resources */ = {isa = PBXBuildFile; fileRef = 7E06B8922AB8F1330091D146 /* Assets.xcassets */; };
		7E06B8962AB8F1330091D146 /* Preview Assets.xcassets in Resources */ = {isa = PBXBuildFile; fileRef = 7E06B8952AB8F1330091D146 /* Preview Assets.xcassets */; };
		7E5C80002ABE53D300A07FBE /* FileManager.swift in Sources */ = {isa = PBXBuildFile; fileRef = 7E5C7FFF2ABE53D300A07FBE /* FileManager.swift */; };
		7E5C80042ABE702C00A07FBE /* LoginView.swift in Sources */ = {isa = PBXBuildFile; fileRef = 7E5C80032ABE702C00A07FBE /* LoginView.swift */; };
		7EAE1F9D2ABCF4180029BF26 /* Location.swift in Sources */ = {isa = PBXBuildFile; fileRef = 7EAE1F9C2ABCF4180029BF26 /* Location.swift */; };
		7EAE1F9F2ABCF4350029BF26 /* HomeView.swift in Sources */ = {isa = PBXBuildFile; fileRef = 7EAE1F9E2ABCF4350029BF26 /* HomeView.swift */; };
		7EAE1FA12ABCF44B0029BF26 /* EditView.swift in Sources */ = {isa = PBXBuildFile; fileRef = 7EAE1FA02ABCF44B0029BF26 /* EditView.swift */; };
		7EAE1FA32ABCF45F0029BF26 /* HomeViewModel.swift in Sources */ = {isa = PBXBuildFile; fileRef = 7EAE1FA22ABCF45F0029BF26 /* HomeViewModel.swift */; };
		7EAE1FA52ABCF46E0029BF26 /* EditViewModel.swift in Sources */ = {isa = PBXBuildFile; fileRef = 7EAE1FA42ABCF46E0029BF26 /* EditViewModel.swift */; };
		7EAE1FA72ABCF47A0029BF26 /* WikipediaAPI.swift in Sources */ = {isa = PBXBuildFile; fileRef = 7EAE1FA62ABCF47A0029BF26 /* WikipediaAPI.swift */; };
		7EAE1FAA2ABD04110029BF26 /* Marker.swift in Sources */ = {isa = PBXBuildFile; fileRef = 7EAE1FA92ABD04110029BF26 /* Marker.swift */; };
		7EAE1FAC2ABD25030029BF26 /* LoadingState.swift in Sources */ = {isa = PBXBuildFile; fileRef = 7EAE1FAB2ABD25030029BF26 /* LoadingState.swift */; };
		7EAE1FAE2ABD27750029BF26 /* ErrorManager.swift in Sources */ = {isa = PBXBuildFile; fileRef = 7EAE1FAD2ABD27750029BF26 /* ErrorManager.swift */; };
		7EC218852ABA6C6500D03C01 /* AuthenticationManager.swift in Sources */ = {isa = PBXBuildFile; fileRef = 7EC218842ABA6C6500D03C01 /* AuthenticationManager.swift */; };
/* End PBXBuildFile section */

/* Begin PBXFileReference section */
		7E06B88B2AB8F1310091D146 /* BocketList.app */ = {isa = PBXFileReference; explicitFileType = wrapper.application; includeInIndex = 0; path = BocketList.app; sourceTree = BUILT_PRODUCTS_DIR; };
		7E06B88E2AB8F1310091D146 /* BocketListApp.swift */ = {isa = PBXFileReference; lastKnownFileType = sourcecode.swift; path = BocketListApp.swift; sourceTree = "<group>"; };
		7E06B8922AB8F1330091D146 /* Assets.xcassets */ = {isa = PBXFileReference; lastKnownFileType = folder.assetcatalog; path = Assets.xcassets; sourceTree = "<group>"; };
		7E06B8952AB8F1330091D146 /* Preview Assets.xcassets */ = {isa = PBXFileReference; lastKnownFileType = folder.assetcatalog; path = "Preview Assets.xcassets"; sourceTree = "<group>"; };
		7E5C7FFF2ABE53D300A07FBE /* FileManager.swift */ = {isa = PBXFileReference; lastKnownFileType = sourcecode.swift; path = FileManager.swift; sourceTree = "<group>"; };
		7E5C80032ABE702C00A07FBE /* LoginView.swift */ = {isa = PBXFileReference; lastKnownFileType = sourcecode.swift; path = LoginView.swift; sourceTree = "<group>"; };
		7EAE1F9C2ABCF4180029BF26 /* Location.swift */ = {isa = PBXFileReference; lastKnownFileType = sourcecode.swift; path = Location.swift; sourceTree = "<group>"; };
		7EAE1F9E2ABCF4350029BF26 /* HomeView.swift */ = {isa = PBXFileReference; lastKnownFileType = sourcecode.swift; path = HomeView.swift; sourceTree = "<group>"; };
		7EAE1FA02ABCF44B0029BF26 /* EditView.swift */ = {isa = PBXFileReference; lastKnownFileType = sourcecode.swift; path = EditView.swift; sourceTree = "<group>"; };
		7EAE1FA22ABCF45F0029BF26 /* HomeViewModel.swift */ = {isa = PBXFileReference; lastKnownFileType = sourcecode.swift; path = HomeViewModel.swift; sourceTree = "<group>"; };
		7EAE1FA42ABCF46E0029BF26 /* EditViewModel.swift */ = {isa = PBXFileReference; lastKnownFileType = sourcecode.swift; path = EditViewModel.swift; sourceTree = "<group>"; };
		7EAE1FA62ABCF47A0029BF26 /* WikipediaAPI.swift */ = {isa = PBXFileReference; lastKnownFileType = sourcecode.swift; path = WikipediaAPI.swift; sourceTree = "<group>"; };
		7EAE1FA92ABD04110029BF26 /* Marker.swift */ = {isa = PBXFileReference; lastKnownFileType = sourcecode.swift; path = Marker.swift; sourceTree = "<group>"; };
		7EAE1FAB2ABD25030029BF26 /* LoadingState.swift */ = {isa = PBXFileReference; lastKnownFileType = sourcecode.swift; path = LoadingState.swift; sourceTree = "<group>"; };
		7EAE1FAD2ABD27750029BF26 /* ErrorManager.swift */ = {isa = PBXFileReference; lastKnownFileType = sourcecode.swift; path = ErrorManager.swift; sourceTree = "<group>"; };
		7EC218842ABA6C6500D03C01 /* AuthenticationManager.swift */ = {isa = PBXFileReference; lastKnownFileType = sourcecode.swift; path = AuthenticationManager.swift; sourceTree = "<group>"; };
/* End PBXFileReference section */

/* Begin PBXFrameworksBuildPhase section */
		7E06B8882AB8F1310091D146 /* Frameworks */ = {
			isa = PBXFrameworksBuildPhase;
			buildActionMask = 2147483647;
			files = (
			);
			runOnlyForDeploymentPostprocessing = 0;
		};
/* End PBXFrameworksBuildPhase section */

/* Begin PBXGroup section */
		7E06B8822AB8F1310091D146 = {
			isa = PBXGroup;
			children = (
				7E06B88D2AB8F1310091D146 /* BocketList */,
				7EAE1F992ABCF3900029BF26 /* Model */,
				7EAE1F982ABCF3860029BF26 /* View */,
				7EAE1F972ABCF3770029BF26 /* View-Model */,
				7EAE1FA82ABD03320029BF26 /* UI Components */,
				7EAE1F9A2ABCF39D0029BF26 /* Wikipedia API */,
				7EAE1F9B2ABCF3E50029BF26 /* Manager */,
				7E06B88C2AB8F1310091D146 /* Products */,
			);
			sourceTree = "<group>";
		};
		7E06B88C2AB8F1310091D146 /* Products */ = {
			isa = PBXGroup;
			children = (
				7E06B88B2AB8F1310091D146 /* BocketList.app */,
			);
			name = Products;
			sourceTree = "<group>";
		};
		7E06B88D2AB8F1310091D146 /* BocketList */ = {
			isa = PBXGroup;
			children = (
				7E06B88E2AB8F1310091D146 /* BocketListApp.swift */,
				7E06B8922AB8F1330091D146 /* Assets.xcassets */,
				7E06B8942AB8F1330091D146 /* Preview Content */,
			);
			path = BocketList;
			sourceTree = "<group>";
		};
		7E06B8942AB8F1330091D146 /* Preview Content */ = {
			isa = PBXGroup;
			children = (
				7E06B8952AB8F1330091D146 /* Preview Assets.xcassets */,
			);
			path = "Preview Content";
			sourceTree = "<group>";
		};
		7EAE1F972ABCF3770029BF26 /* View-Model */ = {
			isa = PBXGroup;
			children = (
				7EAE1FA22ABCF45F0029BF26 /* HomeViewModel.swift */,
				7EAE1FA42ABCF46E0029BF26 /* EditViewModel.swift */,
			);
			path = "View-Model";
			sourceTree = "<group>";
		};
		7EAE1F982ABCF3860029BF26 /* View */ = {
			isa = PBXGroup;
			children = (
				7EAE1F9E2ABCF4350029BF26 /* HomeView.swift */,
				7EAE1FA02ABCF44B0029BF26 /* EditView.swift */,
				7E5C80032ABE702C00A07FBE /* LoginView.swift */,
			);
			path = View;
			sourceTree = "<group>";
		};
		7EAE1F992ABCF3900029BF26 /* Model */ = {
			isa = PBXGroup;
			children = (
				7EAE1F9C2ABCF4180029BF26 /* Location.swift */,
			);
			path = Model;
			sourceTree = "<group>";
		};
		7EAE1F9A2ABCF39D0029BF26 /* Wikipedia API */ = {
			isa = PBXGroup;
			children = (
				7EAE1FA62ABCF47A0029BF26 /* WikipediaAPI.swift */,
			);
			path = "Wikipedia API";
			sourceTree = "<group>";
		};
		7EAE1F9B2ABCF3E50029BF26 /* Manager */ = {
			isa = PBXGroup;
			children = (
				7EC218842ABA6C6500D03C01 /* AuthenticationManager.swift */,
				7EAE1FAB2ABD25030029BF26 /* LoadingState.swift */,
				7EAE1FAD2ABD27750029BF26 /* ErrorManager.swift */,
				7E5C7FFF2ABE53D300A07FBE /* FileManager.swift */,
			);
			path = Manager;
			sourceTree = "<group>";
		};
		7EAE1FA82ABD03320029BF26 /* UI Components */ = {
			isa = PBXGroup;
			children = (
				7EAE1FA92ABD04110029BF26 /* Marker.swift */,
			);
			path = "UI Components";
			sourceTree = "<group>";
		};
/* End PBXGroup section */

/* Begin PBXNativeTarget section */
		7E06B88A2AB8F1310091D146 /* BocketList */ = {
			isa = PBXNativeTarget;
			buildConfigurationList = 7E06B8992AB8F1330091D146 /* Build configuration list for PBXNativeTarget "BocketList" */;
			buildPhases = (
				7E06B8872AB8F1310091D146 /* Sources */,
				7E06B8882AB8F1310091D146 /* Frameworks */,
				7E06B8892AB8F1310091D146 /* Resources */,
			);
			buildRules = (
			);
			dependencies = (
			);
			name = BocketList;
			productName = BocketList;
			productReference = 7E06B88B2AB8F1310091D146 /* BocketList.app */;
			productType = "com.apple.product-type.application";
		};
/* End PBXNativeTarget section */

/* Begin PBXProject section */
		7E06B8832AB8F1310091D146 /* Project object */ = {
			isa = PBXProject;
			attributes = {
				BuildIndependentTargetsInParallel = 1;
				LastSwiftUpdateCheck = 1500;
				LastUpgradeCheck = 1500;
				TargetAttributes = {
					7E06B88A2AB8F1310091D146 = {
						CreatedOnToolsVersion = 15.0;
					};
				};
			};
			buildConfigurationList = 7E06B8862AB8F1310091D146 /* Build configuration list for PBXProject "BocketList" */;
			compatibilityVersion = "Xcode 14.0";
			developmentRegion = en;
			hasScannedForEncodings = 0;
			knownRegions = (
				en,
				Base,
			);
			mainGroup = 7E06B8822AB8F1310091D146;
			productRefGroup = 7E06B88C2AB8F1310091D146 /* Products */;
			projectDirPath = "";
			projectRoot = "";
			targets = (
				7E06B88A2AB8F1310091D146 /* BocketList */,
			);
		};
/* End PBXProject section */

/* Begin PBXResourcesBuildPhase section */
		7E06B8892AB8F1310091D146 /* Resources */ = {
			isa = PBXResourcesBuildPhase;
			buildActionMask = 2147483647;
			files = (
				7E06B8962AB8F1330091D146 /* Preview Assets.xcassets in Resources */,
				7E06B8932AB8F1330091D146 /* Assets.xcassets in Resources */,
			);
			runOnlyForDeploymentPostprocessing = 0;
		};
/* End PBXResourcesBuildPhase section */

/* Begin PBXSourcesBuildPhase section */
		7E06B8872AB8F1310091D146 /* Sources */ = {
			isa = PBXSourcesBuildPhase;
			buildActionMask = 2147483647;
			files = (
				7EAE1FA52ABCF46E0029BF26 /* EditViewModel.swift in Sources */,
				7EC218852ABA6C6500D03C01 /* AuthenticationManager.swift in Sources */,
				7EAE1FAC2ABD25030029BF26 /* LoadingState.swift in Sources */,
				7E5C80002ABE53D300A07FBE /* FileManager.swift in Sources */,
				7EAE1FA32ABCF45F0029BF26 /* HomeViewModel.swift in Sources */,
				7EAE1FAE2ABD27750029BF26 /* ErrorManager.swift in Sources */,
				7EAE1FA12ABCF44B0029BF26 /* EditView.swift in Sources */,
				7E5C80042ABE702C00A07FBE /* LoginView.swift in Sources */,
				7EAE1F9F2ABCF4350029BF26 /* HomeView.swift in Sources */,
				7EAE1F9D2ABCF4180029BF26 /* Location.swift in Sources */,
				7EAE1FA72ABCF47A0029BF26 /* WikipediaAPI.swift in Sources */,
				7E06B88F2AB8F1310091D146 /* BocketListApp.swift in Sources */,
				7EAE1FAA2ABD04110029BF26 /* Marker.swift in Sources */,
			);
			runOnlyForDeploymentPostprocessing = 0;
		};
/* End PBXSourcesBuildPhase section */

/* Begin XCBuildConfiguration section */
		7E06B8972AB8F1330091D146 /* Debug */ = {
			isa = XCBuildConfiguration;
			buildSettings = {
				ALWAYS_SEARCH_USER_PATHS = NO;
				ASSETCATALOG_COMPILER_GENERATE_SWIFT_ASSET_SYMBOL_EXTENSIONS = YES;
				CLANG_ANALYZER_NONNULL = YES;
				CLANG_ANALYZER_NUMBER_OBJECT_CONVERSION = YES_AGGRESSIVE;
				CLANG_CXX_LANGUAGE_STANDARD = "gnu++20";
				CLANG_ENABLE_MODULES = YES;
				CLANG_ENABLE_OBJC_ARC = YES;
				CLANG_ENABLE_OBJC_WEAK = YES;
				CLANG_WARN_BLOCK_CAPTURE_AUTORELEASING = YES;
				CLANG_WARN_BOOL_CONVERSION = YES;
				CLANG_WARN_COMMA = YES;
				CLANG_WARN_CONSTANT_CONVERSION = YES;
				CLANG_WARN_DEPRECATED_OBJC_IMPLEMENTATIONS = YES;
				CLANG_WARN_DIRECT_OBJC_ISA_USAGE = YES_ERROR;
				CLANG_WARN_DOCUMENTATION_COMMENTS = YES;
				CLANG_WARN_EMPTY_BODY = YES;
				CLANG_WARN_ENUM_CONVERSION = YES;
				CLANG_WARN_INFINITE_RECURSION = YES;
				CLANG_WARN_INT_CONVERSION = YES;
				CLANG_WARN_NON_LITERAL_NULL_CONVERSION = YES;
				CLANG_WARN_OBJC_IMPLICIT_RETAIN_SELF = YES;
				CLANG_WARN_OBJC_LITERAL_CONVERSION = YES;
				CLANG_WARN_OBJC_ROOT_CLASS = YES_ERROR;
				CLANG_WARN_QUOTED_INCLUDE_IN_FRAMEWORK_HEADER = YES;
				CLANG_WARN_RANGE_LOOP_ANALYSIS = YES;
				CLANG_WARN_STRICT_PROTOTYPES = YES;
				CLANG_WARN_SUSPICIOUS_MOVE = YES;
				CLANG_WARN_UNGUARDED_AVAILABILITY = YES_AGGRESSIVE;
				CLANG_WARN_UNREACHABLE_CODE = YES;
				CLANG_WARN__DUPLICATE_METHOD_MATCH = YES;
				COPY_PHASE_STRIP = NO;
				DEBUG_INFORMATION_FORMAT = dwarf;
				ENABLE_STRICT_OBJC_MSGSEND = YES;
				ENABLE_TESTABILITY = YES;
				ENABLE_USER_SCRIPT_SANDBOXING = YES;
				GCC_C_LANGUAGE_STANDARD = gnu17;
				GCC_DYNAMIC_NO_PIC = NO;
				GCC_NO_COMMON_BLOCKS = YES;
				GCC_OPTIMIZATION_LEVEL = 0;
				GCC_PREPROCESSOR_DEFINITIONS = (
					"DEBUG=1",
					"$(inherited)",
				);
				GCC_WARN_64_TO_32_BIT_CONVERSION = YES;
				GCC_WARN_ABOUT_RETURN_TYPE = YES_ERROR;
				GCC_WARN_UNDECLARED_SELECTOR = YES;
				GCC_WARN_UNINITIALIZED_AUTOS = YES_AGGRESSIVE;
				GCC_WARN_UNUSED_FUNCTION = YES;
				GCC_WARN_UNUSED_VARIABLE = YES;
				IPHONEOS_DEPLOYMENT_TARGET = 17.0;
				LOCALIZATION_PREFERS_STRING_CATALOGS = YES;
				MTL_ENABLE_DEBUG_INFO = INCLUDE_SOURCE;
				MTL_FAST_MATH = YES;
				ONLY_ACTIVE_ARCH = YES;
				SDKROOT = iphoneos;
				SWIFT_ACTIVE_COMPILATION_CONDITIONS = "DEBUG $(inherited)";
				SWIFT_OPTIMIZATION_LEVEL = "-Onone";
			};
			name = Debug;
		};
		7E06B8982AB8F1330091D146 /* Release */ = {
			isa = XCBuildConfiguration;
			buildSettings = {
				ALWAYS_SEARCH_USER_PATHS = NO;
				ASSETCATALOG_COMPILER_GENERATE_SWIFT_ASSET_SYMBOL_EXTENSIONS = YES;
				CLANG_ANALYZER_NONNULL = YES;
				CLANG_ANALYZER_NUMBER_OBJECT_CONVERSION = YES_AGGRESSIVE;
				CLANG_CXX_LANGUAGE_STANDARD = "gnu++20";
				CLANG_ENABLE_MODULES = YES;
				CLANG_ENABLE_OBJC_ARC = YES;
				CLANG_ENABLE_OBJC_WEAK = YES;
				CLANG_WARN_BLOCK_CAPTURE_AUTORELEASING = YES;
				CLANG_WARN_BOOL_CONVERSION = YES;
				CLANG_WARN_COMMA = YES;
				CLANG_WARN_CONSTANT_CONVERSION = YES;
				CLANG_WARN_DEPRECATED_OBJC_IMPLEMENTATIONS = YES;
				CLANG_WARN_DIRECT_OBJC_ISA_USAGE = YES_ERROR;
				CLANG_WARN_DOCUMENTATION_COMMENTS = YES;
				CLANG_WARN_EMPTY_BODY = YES;
				CLANG_WARN_ENUM_CONVERSION = YES;
				CLANG_WARN_INFINITE_RECURSION = YES;
				CLANG_WARN_INT_CONVERSION = YES;
				CLANG_WARN_NON_LITERAL_NULL_CONVERSION = YES;
				CLANG_WARN_OBJC_IMPLICIT_RETAIN_SELF = YES;
				CLANG_WARN_OBJC_LITERAL_CONVERSION = YES;
				CLANG_WARN_OBJC_ROOT_CLASS = YES_ERROR;
				CLANG_WARN_QUOTED_INCLUDE_IN_FRAMEWORK_HEADER = YES;
				CLANG_WARN_RANGE_LOOP_ANALYSIS = YES;
				CLANG_WARN_STRICT_PROTOTYPES = YES;
				CLANG_WARN_SUSPICIOUS_MOVE = YES;
				CLANG_WARN_UNGUARDED_AVAILABILITY = YES_AGGRESSIVE;
				CLANG_WARN_UNREACHABLE_CODE = YES;
				CLANG_WARN__DUPLICATE_METHOD_MATCH = YES;
				COPY_PHASE_STRIP = NO;
				DEBUG_INFORMATION_FORMAT = "dwarf-with-dsym";
				ENABLE_NS_ASSERTIONS = NO;
				ENABLE_STRICT_OBJC_MSGSEND = YES;
				ENABLE_USER_SCRIPT_SANDBOXING = YES;
				GCC_C_LANGUAGE_STANDARD = gnu17;
				GCC_NO_COMMON_BLOCKS = YES;
				GCC_WARN_64_TO_32_BIT_CONVERSION = YES;
				GCC_WARN_ABOUT_RETURN_TYPE = YES_ERROR;
				GCC_WARN_UNDECLARED_SELECTOR = YES;
				GCC_WARN_UNINITIALIZED_AUTOS = YES_AGGRESSIVE;
				GCC_WARN_UNUSED_FUNCTION = YES;
				GCC_WARN_UNUSED_VARIABLE = YES;
				IPHONEOS_DEPLOYMENT_TARGET = 17.0;
				LOCALIZATION_PREFERS_STRING_CATALOGS = YES;
				MTL_ENABLE_DEBUG_INFO = NO;
				MTL_FAST_MATH = YES;
				SDKROOT = iphoneos;
				SWIFT_COMPILATION_MODE = wholemodule;
				VALIDATE_PRODUCT = YES;
			};
			name = Release;
		};
		7E06B89A2AB8F1330091D146 /* Debug */ = {
			isa = XCBuildConfiguration;
			buildSettings = {
				ASSETCATALOG_COMPILER_APPICON_NAME = AppIcon;
				ASSETCATALOG_COMPILER_GLOBAL_ACCENT_COLOR_NAME = AccentColor;
				CODE_SIGN_STYLE = Automatic;
				CURRENT_PROJECT_VERSION = 1;
				DEVELOPMENT_ASSET_PATHS = "\"BocketList/Preview Content\"";
				DEVELOPMENT_TEAM = 9798UJJCY4;
				ENABLE_PREVIEWS = YES;
				GENERATE_INFOPLIST_FILE = YES;
				INFOPLIST_KEY_NSFaceIDUsageDescription = "\"We need to unlock your data.\"";
				INFOPLIST_KEY_UIApplicationSceneManifest_Generation = YES;
				INFOPLIST_KEY_UIApplicationSupportsIndirectInputEvents = YES;
				INFOPLIST_KEY_UILaunchScreen_Generation = YES;
				INFOPLIST_KEY_UISupportedInterfaceOrientations_iPad = "UIInterfaceOrientationPortrait UIInterfaceOrientationPortraitUpsideDown UIInterfaceOrientationLandscapeLeft UIInterfaceOrientationLandscapeRight";
				INFOPLIST_KEY_UISupportedInterfaceOrientations_iPhone = "UIInterfaceOrientationPortrait UIInterfaceOrientationLandscapeLeft UIInterfaceOrientationLandscapeRight";
				IPHONEOS_DEPLOYMENT_TARGET = 16.0;
				LD_RUNPATH_SEARCH_PATHS = (
					"$(inherited)",
					"@executable_path/Frameworks",
				);
				MARKETING_VERSION = 1.0;
				PRODUCT_BUNDLE_IDENTIFIER = Isaque.BocketList;
				PRODUCT_NAME = "$(TARGET_NAME)";
				SWIFT_EMIT_LOC_STRINGS = YES;
				SWIFT_VERSION = 5.0;
				TARGETED_DEVICE_FAMILY = "1,2";
			};
			name = Debug;
		};
		7E06B89B2AB8F1330091D146 /* Release */ = {
			isa = XCBuildConfiguration;
			buildSettings = {
				ASSETCATALOG_COMPILER_APPICON_NAME = AppIcon;
				ASSETCATALOG_COMPILER_GLOBAL_ACCENT_COLOR_NAME = AccentColor;
				CODE_SIGN_STYLE = Automatic;
				CURRENT_PROJECT_VERSION = 1;
				DEVELOPMENT_ASSET_PATHS = "\"BocketList/Preview Content\"";
				DEVELOPMENT_TEAM = 9798UJJCY4;
				ENABLE_PREVIEWS = YES;
				GENERATE_INFOPLIST_FILE = YES;
				INFOPLIST_KEY_NSFaceIDUsageDescription = "\"We need to unlock your data.\"";
				INFOPLIST_KEY_UIApplicationSceneManifest_Generation = YES;
				INFOPLIST_KEY_UIApplicationSupportsIndirectInputEvents = YES;
				INFOPLIST_KEY_UILaunchScreen_Generation = YES;
				INFOPLIST_KEY_UISupportedInterfaceOrientations_iPad = "UIInterfaceOrientationPortrait UIInterfaceOrientationPortraitUpsideDown UIInterfaceOrientationLandscapeLeft UIInterfaceOrientationLandscapeRight";
				INFOPLIST_KEY_UISupportedInterfaceOrientations_iPhone = "UIInterfaceOrientationPortrait UIInterfaceOrientationLandscapeLeft UIInterfaceOrientationLandscapeRight";
				IPHONEOS_DEPLOYMENT_TARGET = 16.0;
				LD_RUNPATH_SEARCH_PATHS = (
					"$(inherited)",
					"@executable_path/Frameworks",
				);
				MARKETING_VERSION = 1.0;
				PRODUCT_BUNDLE_IDENTIFIER = Isaque.BocketList;
				PRODUCT_NAME = "$(TARGET_NAME)";
				SWIFT_EMIT_LOC_STRINGS = YES;
				SWIFT_VERSION = 5.0;
				TARGETED_DEVICE_FAMILY = "1,2";
			};
			name = Release;
		};
/* End XCBuildConfiguration section */

/* Begin XCConfigurationList section */
		7E06B8862AB8F1310091D146 /* Build configuration list for PBXProject "BocketList" */ = {
			isa = XCConfigurationList;
			buildConfigurations = (
				7E06B8972AB8F1330091D146 /* Debug */,
				7E06B8982AB8F1330091D146 /* Release */,
			);
			defaultConfigurationIsVisible = 0;
			defaultConfigurationName = Release;
		};
		7E06B8992AB8F1330091D146 /* Build configuration list for PBXNativeTarget "BocketList" */ = {
			isa = XCConfigurationList;
			buildConfigurations = (
				7E06B89A2AB8F1330091D146 /* Debug */,
				7E06B89B2AB8F1330091D146 /* Release */,
			);
			defaultConfigurationIsVisible = 0;
			defaultConfigurationName = Release;
		};
/* End XCConfigurationList section */
	};
	rootObject = 7E06B8832AB8F1310091D146 /* Project object */;
}
